# THIS IS AN AUTOGENERATED FILE. DO NOT EDIT THIS FILE DIRECTLY.
# yarn lockfile v1


coc-css@^1.2.2:
  version "1.2.2"
  resolved "https://registry.yarnpkg.com/coc-css/-/coc-css-1.2.2.tgz#9b62ac96a9db8c687396ab4648c0c67dc3897a2f"
  integrity sha512-JvZnKZZJZemS70o972OEjfnMGGO2sLpJA3iX1OT3CXmaymPb8CmufboyCVnzGMDMbFL/qHgfjbdw9kOg5ZtzzQ==

coc-highlight@^1.2.3:
  version "1.2.3"
  resolved "https://registry.yarnpkg.com/coc-highlight/-/coc-highlight-1.2.3.tgz#725444ccd9e4250e549eac3ec15332fcfbeb08fe"
  integrity sha512-QKu669ADXRO7QF4YNNBWguVjR+9TsyUUGFYmtIMFIrAUIuSS5IOtKePiVWXnw1j5lmKciCrEmmkuLrpI8guZ0A==

coc-html@^1.2.1:
  version "1.2.1"
  resolved "https://registry.yarnpkg.com/coc-html/-/coc-html-1.2.1.tgz#5df000feddcc304f57932bdb561ad61f773ddfeb"
  integrity sha512-3CAdlJnPnm03qS4/I+eMM16OI3go2v6qtCOirO20GtH+cRt08GjF0Cp6y/EnhfoQOdggNw3xoTfZtfY7loLG5w==
  dependencies:
    typescript "^3"

coc-json@^1.2.2:
  version "1.2.2"
  resolved "https://registry.yarnpkg.com/coc-json/-/coc-json-1.2.2.tgz#f499f583a4831e1a362d8c37e547245605ccd32e"
  integrity sha512-H3Xk1D4Y40VMkwM4UDjedFMelRZWGzEBuU4r2iYE07gepYPVGzqzTlqCSWqOLeH4CXY52gF/QkWrOn7AY6CFaw==

coc-snippets@^2.1.4:
  version "2.1.4"
  resolved "https://registry.yarnpkg.com/coc-snippets/-/coc-snippets-2.1.4.tgz#597831c536efa2fe8b211e9b77977194a922d2e2"
  integrity sha512-830ck/Tt8V5TYbDPKlsueHHu0KFV7e56FhukimtwToida6TpOWwN4yvXsC/ySsoGnmvH7yTWNPgVJvorJUVkWQ==

typescript@^3:
  version "3.5.2"
  resolved "https://registry.yarnpkg.com/typescript/-/typescript-3.5.2.tgz#a09e1dc69bc9551cadf17dba10ee42cf55e5d56c"
  integrity sha512-7KxJovlYhTX5RaRbUdkAXN1KUZ8PwWlTzQdHV6xNqvuFOs7+WBo10TQUqT19Q/Jz2hk5v9TQDIhyLhhJY4p5AA==
